
Microsoft Visual Studio Solution File, Format Version 12.00
# Visual Studio 14
VisualStudioVersion = 14.0.25420.1
MinimumVisualStudioVersion = 10.0.40219.1
Project("{FAE04EC0-301F-11D3-BF4B-00C04F79EFBC}") = "CreateWorkItem", "CreateWorkItem\CreateWorkItem.csproj", "{48EC882A-58D1-4015-8266-0979141450C0}"
EndProject
Project("{2150E333-8FDC-42A3-9474-1A3956D46DE8}") = "Deploy", "Deploy", "{E5843158-CCCB-4864-8BC5-A5EB9DF5F639}"
EndProject
Project("{FAE04EC0-301F-11D3-BF4B-00C04F79EFBC}") = "CreateWorkItem", "Deploy\CreateWorkItem\CreateWorkItem.csproj", "{3A05D371-6885-4112-B0EF-0A3A76353A25}"
EndProject
Global
	GlobalSection(SolutionConfigurationPlatforms) = preSolution
		Debug|Any CPU = Debug|Any CPU
		Release|Any CPU = Release|Any CPU
	EndGlobalSection
	GlobalSection(ProjectConfigurationPlatforms) = postSolution
		{48EC882A-58D1-4015-8266-0979141450C0}.Debug|Any CPU.ActiveCfg = Debug|Any CPU
		{48EC882A-58D1-4015-8266-0979141450C0}.Debug|Any CPU.Build.0 = Debug|Any CPU
		{48EC882A-58D1-4015-8266-0979141450C0}.Release|Any CPU.ActiveCfg = Release|Any CPU
		{48EC882A-58D1-4015-8266-0979141450C0}.Release|Any CPU.Build.0 = Release|Any CPU
		{3A05D371-6885-4112-B0EF-0A3A76353A25}.Debug|Any CPU.ActiveCfg = Debug|Any CPU
		{3A05D371-6885-4112-B0EF-0A3A76353A25}.Debug|Any CPU.Build.0 = Debug|Any CPU
		{3A05D371-6885-4112-B0EF-0A3A76353A25}.Release|Any CPU.ActiveCfg = Release|Any CPU
		{3A05D371-6885-4112-B0EF-0A3A76353A25}.Release|Any CPU.Build.0 = Release|Any CPU
	EndGlobalSection
	GlobalSection(SolutionProperties) = preSolution
		HideSolutionNode = FALSE
	EndGlobalSection
	GlobalSection(NestedProjects) = preSolution
		{3A05D371-6885-4112-B0EF-0A3A76353A25} = {E5843158-CCCB-4864-8BC5-A5EB9DF5F639}
	EndGlobalSection
EndGlobal
