
Microsoft Visual Studio Solution File, Format Version 12.00
# Visual Studio 14
VisualStudioVersion = 14.0.25420.1
MinimumVisualStudioVersion = 10.0.40219.1
Project("{FAE04EC0-301F-11D3-BF4B-00C04F79EFBC}") = "CreateWorkItem", "CreateWorkItem\CreateWorkItem.csproj", "{48EC882A-58D1-4015-8266-0979141450C0}"
EndProject
Project("{2150E333-8FDC-42A3-9474-1A3956D46DE8}") = "Deploy", "Deploy", "{E5843158-CCCB-4864-8BC5-A5EB9DF5F639}"
EndProject
Project("{FAE04EC0-301F-11D3-BF4B-00C04F79EFBC}") = "CreateWorkItem", "Deploy\CreateWorkItem\CreateWorkItem.csproj", "{3A05D371-6885-4112-B0EF-0A3A76353A25}"
EndProject
Project("{2150E333-8FDC-42A3-9474-1A3956D46DE8}") = "VSIX", "VSIX", "{E58B6F11-6725-40EE-B7F4-91D4E464D281}"
EndProject
Project("{FAE04EC0-301F-11D3-BF4B-00C04F79EFBC}") = "VSIXProject1", "VSIXProject1\VSIXProject1.csproj", "{747A4391-D5A6-4ABD-B5C6-63A9EB08C13E}"
EndProject
Project("{FAE04EC0-301F-11D3-BF4B-00C04F79EFBC}") = "VSIXProject2", "VSIXProject2\VSIXProject2.csproj", "{69AF6A6B-AF14-4973-8050-49552248866B}"
EndProject
Project("{FAE04EC0-301F-11D3-BF4B-00C04F79EFBC}") = "SimianVsix", "SimianVsix\SimianVsix.csproj", "{41874FDA-9E05-4E07-9092-1E7693DA6896}"
EndProject
Project("{FAE04EC0-301F-11D3-BF4B-00C04F79EFBC}") = "Simian", "vscoloroutput_9f1008bf223b_\vscoloroutput_9f1008bf223b\VSColorOutput\Simian.csproj", "{BF205896-9741-4035-B0BA-4030C92036B6}"
EndProject
Project("{FAE04EC0-301F-11D3-BF4B-00C04F79EFBC}") = "CommandLine", "CommandLine\CommandLine.csproj", "{A66D974E-BF0E-486A-A6E3-1A8F49238E93}"
EndProject
Project("{FAE04EC0-301F-11D3-BF4B-00C04F79EFBC}") = "Plossum", "plossum-commandline\src\Plossum\Plossum.csproj", "{156BF637-7F50-4EC8-8476-D4E162335364}"
EndProject
Project("{FAE04EC0-301F-11D3-BF4B-00C04F79EFBC}") = "CreateFeatures", "CreateFeatures\CreateFeatures.csproj", "{84DB7FCF-451F-41DE-A696-7DBCCBDA262D}"
EndProject
Project("{FAE04EC0-301F-11D3-BF4B-00C04F79EFBC}") = "CleanUp", "CleanUp\CleanUp.csproj", "{BEC7EDB0-5C8A-41A3-AC62-66BDE4B60F24}"
EndProject
Global
	GlobalSection(SolutionConfigurationPlatforms) = preSolution
		Debug|Any CPU = Debug|Any CPU
		Release|Any CPU = Release|Any CPU
	EndGlobalSection
	GlobalSection(ProjectConfigurationPlatforms) = postSolution
		{48EC882A-58D1-4015-8266-0979141450C0}.Debug|Any CPU.ActiveCfg = Debug|Any CPU
		{48EC882A-58D1-4015-8266-0979141450C0}.Debug|Any CPU.Build.0 = Debug|Any CPU
		{48EC882A-58D1-4015-8266-0979141450C0}.Release|Any CPU.ActiveCfg = Release|Any CPU
		{48EC882A-58D1-4015-8266-0979141450C0}.Release|Any CPU.Build.0 = Release|Any CPU
		{3A05D371-6885-4112-B0EF-0A3A76353A25}.Debug|Any CPU.ActiveCfg = Debug|Any CPU
		{3A05D371-6885-4112-B0EF-0A3A76353A25}.Debug|Any CPU.Build.0 = Debug|Any CPU
		{3A05D371-6885-4112-B0EF-0A3A76353A25}.Release|Any CPU.ActiveCfg = Release|Any CPU
		{3A05D371-6885-4112-B0EF-0A3A76353A25}.Release|Any CPU.Build.0 = Release|Any CPU
		{747A4391-D5A6-4ABD-B5C6-63A9EB08C13E}.Debug|Any CPU.ActiveCfg = Debug|Any CPU
		{747A4391-D5A6-4ABD-B5C6-63A9EB08C13E}.Debug|Any CPU.Build.0 = Debug|Any CPU
		{747A4391-D5A6-4ABD-B5C6-63A9EB08C13E}.Release|Any CPU.ActiveCfg = Release|Any CPU
		{747A4391-D5A6-4ABD-B5C6-63A9EB08C13E}.Release|Any CPU.Build.0 = Release|Any CPU
		{69AF6A6B-AF14-4973-8050-49552248866B}.Debug|Any CPU.ActiveCfg = Debug|Any CPU
		{69AF6A6B-AF14-4973-8050-49552248866B}.Debug|Any CPU.Build.0 = Debug|Any CPU
		{69AF6A6B-AF14-4973-8050-49552248866B}.Release|Any CPU.ActiveCfg = Release|Any CPU
		{69AF6A6B-AF14-4973-8050-49552248866B}.Release|Any CPU.Build.0 = Release|Any CPU
		{41874FDA-9E05-4E07-9092-1E7693DA6896}.Debug|Any CPU.ActiveCfg = Debug|Any CPU
		{41874FDA-9E05-4E07-9092-1E7693DA6896}.Debug|Any CPU.Build.0 = Debug|Any CPU
		{41874FDA-9E05-4E07-9092-1E7693DA6896}.Release|Any CPU.ActiveCfg = Release|Any CPU
		{41874FDA-9E05-4E07-9092-1E7693DA6896}.Release|Any CPU.Build.0 = Release|Any CPU
		{BF205896-9741-4035-B0BA-4030C92036B6}.Debug|Any CPU.ActiveCfg = Debug|Any CPU
		{BF205896-9741-4035-B0BA-4030C92036B6}.Debug|Any CPU.Build.0 = Debug|Any CPU
		{BF205896-9741-4035-B0BA-4030C92036B6}.Release|Any CPU.ActiveCfg = Release|Any CPU
		{BF205896-9741-4035-B0BA-4030C92036B6}.Release|Any CPU.Build.0 = Release|Any CPU
		{A66D974E-BF0E-486A-A6E3-1A8F49238E93}.Debug|Any CPU.ActiveCfg = Debug|Any CPU
		{A66D974E-BF0E-486A-A6E3-1A8F49238E93}.Debug|Any CPU.Build.0 = Debug|Any CPU
		{A66D974E-BF0E-486A-A6E3-1A8F49238E93}.Release|Any CPU.ActiveCfg = Release|Any CPU
		{A66D974E-BF0E-486A-A6E3-1A8F49238E93}.Release|Any CPU.Build.0 = Release|Any CPU
		{156BF637-7F50-4EC8-8476-D4E162335364}.Debug|Any CPU.ActiveCfg = Debug|Any CPU
		{156BF637-7F50-4EC8-8476-D4E162335364}.Debug|Any CPU.Build.0 = Debug|Any CPU
		{156BF637-7F50-4EC8-8476-D4E162335364}.Release|Any CPU.ActiveCfg = Release|Any CPU
		{156BF637-7F50-4EC8-8476-D4E162335364}.Release|Any CPU.Build.0 = Release|Any CPU
		{84DB7FCF-451F-41DE-A696-7DBCCBDA262D}.Debug|Any CPU.ActiveCfg = Debug|Any CPU
		{84DB7FCF-451F-41DE-A696-7DBCCBDA262D}.Debug|Any CPU.Build.0 = Debug|Any CPU
		{84DB7FCF-451F-41DE-A696-7DBCCBDA262D}.Release|Any CPU.ActiveCfg = Release|Any CPU
		{84DB7FCF-451F-41DE-A696-7DBCCBDA262D}.Release|Any CPU.Build.0 = Release|Any CPU
		{BEC7EDB0-5C8A-41A3-AC62-66BDE4B60F24}.Debug|Any CPU.ActiveCfg = Debug|Any CPU
		{BEC7EDB0-5C8A-41A3-AC62-66BDE4B60F24}.Debug|Any CPU.Build.0 = Debug|Any CPU
		{BEC7EDB0-5C8A-41A3-AC62-66BDE4B60F24}.Release|Any CPU.ActiveCfg = Release|Any CPU
		{BEC7EDB0-5C8A-41A3-AC62-66BDE4B60F24}.Release|Any CPU.Build.0 = Release|Any CPU
	EndGlobalSection
	GlobalSection(SolutionProperties) = preSolution
		HideSolutionNode = FALSE
	EndGlobalSection
	GlobalSection(NestedProjects) = preSolution
		{3A05D371-6885-4112-B0EF-0A3A76353A25} = {E5843158-CCCB-4864-8BC5-A5EB9DF5F639}
		{747A4391-D5A6-4ABD-B5C6-63A9EB08C13E} = {E58B6F11-6725-40EE-B7F4-91D4E464D281}
		{69AF6A6B-AF14-4973-8050-49552248866B} = {E58B6F11-6725-40EE-B7F4-91D4E464D281}
		{41874FDA-9E05-4E07-9092-1E7693DA6896} = {E58B6F11-6725-40EE-B7F4-91D4E464D281}
		{BF205896-9741-4035-B0BA-4030C92036B6} = {E58B6F11-6725-40EE-B7F4-91D4E464D281}
		{84DB7FCF-451F-41DE-A696-7DBCCBDA262D} = {E5843158-CCCB-4864-8BC5-A5EB9DF5F639}
		{BEC7EDB0-5C8A-41A3-AC62-66BDE4B60F24} = {E5843158-CCCB-4864-8BC5-A5EB9DF5F639}
	EndGlobalSection
EndGlobal
